
Microsoft Visual Studio Solution File, Format Version 12.00
# Visual Studio Version 17
VisualStudioVersion = 17.2.32630.192
MinimumVisualStudioVersion = 10.0.40219.1
Project("{FAE04EC0-301F-11D3-BF4B-00C04F79EFBC}") = "JoaoPedroAlbieroCezar-d3-avaliacao", "JoaoPedroAlbieroCezar-d3-avaliacao\JoaoPedroAlbieroCezar-d3-avaliacao.csproj", "{EE3E3FC7-DE9E-4309-9467-CC1536E92F12}"
EndProject
Global
	GlobalSection(SolutionConfigurationPlatforms) = preSolution
		Debug|Any CPU = Debug|Any CPU
		Release|Any CPU = Release|Any CPU
	EndGlobalSection
	GlobalSection(ProjectConfigurationPlatforms) = postSolution
		{EE3E3FC7-DE9E-4309-9467-CC1536E92F12}.Debug|Any CPU.ActiveCfg = Debug|Any CPU
		{EE3E3FC7-DE9E-4309-9467-CC1536E92F12}.Debug|Any CPU.Build.0 = Debug|Any CPU
		{EE3E3FC7-DE9E-4309-9467-CC1536E92F12}.Release|Any CPU.ActiveCfg = Release|Any CPU
		{EE3E3FC7-DE9E-4309-9467-CC1536E92F12}.Release|Any CPU.Build.0 = Release|Any CPU
	EndGlobalSection
	GlobalSection(SolutionProperties) = preSolution
		HideSolutionNode = FALSE
	EndGlobalSection
	GlobalSection(ExtensibilityGlobals) = postSolution
		SolutionGuid = {0F8AEA24-46AD-4FF5-9B33-E53B3854169D}
	EndGlobalSection
EndGlobal
